
Microsoft Visual Studio Solution File, Format Version 12.00
# Visual Studio Version 17
VisualStudioVersion = 17.9.34622.214
MinimumVisualStudioVersion = 10.0.40219.1
Project("{FAE04EC0-301F-11D3-BF4B-00C04F79EFBC}") = "JWTTest", "JWTTest.csproj", "{95782AB0-E848-4855-A908-D79267DE3B36}"
EndProject
Global
	GlobalSection(SolutionConfigurationPlatforms) = preSolution
		Debug|Any CPU = Debug|Any CPU
		Release|Any CPU = Release|Any CPU
	EndGlobalSection
	GlobalSection(ProjectConfigurationPlatforms) = postSolution
		{95782AB0-E848-4855-A908-D79267DE3B36}.Debug|Any CPU.ActiveCfg = Debug|Any CPU
		{95782AB0-E848-4855-A908-D79267DE3B36}.Debug|Any CPU.Build.0 = Debug|Any CPU
		{95782AB0-E848-4855-A908-D79267DE3B36}.Release|Any CPU.ActiveCfg = Release|Any CPU
		{95782AB0-E848-4855-A908-D79267DE3B36}.Release|Any CPU.Build.0 = Release|Any CPU
	EndGlobalSection
	GlobalSection(SolutionProperties) = preSolution
		HideSolutionNode = FALSE
	EndGlobalSection
	GlobalSection(ExtensibilityGlobals) = postSolution
		SolutionGuid = {0DE854A6-5F2C-44CB-A6A3-43FAABF35404}
	EndGlobalSection
EndGlobal
